{
  "_readme": [
    "This file locks the dependencies of your project to a known state",
    "Read more about it at https://getcomposer.org/doc/01-basic-usage.md#composer-lock-the-lock-file",
    "This file is @generated automatically"
  ],
  "content-hash": "4d03dd3d9a8359162b9e2646e4f733e9",
  "packages": [
    {
      "name": "quickbooks/v3-php-sdk",
      "version": "v5.0.3",
      "source": {
        "type": "git",
        "url": "https://github.com/intuit/QuickBooks-V3-PHP-SDK.git",
        "reference": "797d1a2dc2685b4f103e938c5d4f43da46af33ae"
      },
      "dist": {
        "type": "zip",
        "url": "https://api.github.com/repos/intuit/QuickBooks-V3-PHP-SDK/zipball/797d1a2dc2685b4f103e938c5d4f43da46af33ae",
        "reference": "797d1a2dc2685b4f103e938c5d4f43da46af33ae",
        "shasum": ""
      },
      "require": {
        "php": ">=5.6.0"
      },
      "require-dev": {
        "phpunit/phpunit": "^5.7"
      },
      "type": "library",
      "autoload": {
        "psr-4": {
          "QuickBooksOnline\\API\\": "src/"
        }
      },
      "notification-url": "https://packagist.org/downloads/",
      "license": [
        "Apache-2.0"
      ],
      "authors": [
        {
          "name": "hlu2",
          "email": "Hao_Lu@intuit.com"
        }
      ],
      "description": "The Official PHP SDK for QuickBooks Online Accounting API",
      "homepage": "http://developer.intuit.com",
      "keywords": [
        "api",
        "http",
        "quickbooks",
        "rest",
        "smallbusiness"
      ],
      "time": "2018-08-09T00:18:21+00:00"
    }
  ],
  "packages-dev": [],
  "aliases": [],
  "minimum-stability": "stable",
  "stability-flags": [],
  "prefer-stable": false,
  "prefer-lowest": false,
  "platform": [],
  "platform-dev": []
}
