{
    "_readme": [
        "This file locks the dependencies of your project to a known state",
        "Read more about it at https://getcomposer.org/doc/01-basic-usage.md#installing-dependencies",
        "This file is @generated automatically"
    ],
    "content-hash": "3c74532dcc1a8c2762222e157e25cc42",
    "packages": [
        {
            "name": "cweagans/composer-patches",
            "version": "1.6.7",
            "source": {
                "type": "git",
                "url": "https://github.com/cweagans/composer-patches.git",
                "reference": "2e6f72a2ad8d59cd7e2b729f218bf42adb14f590"
            },
            "dist": {
                "type": "zip",
                "url": "https://api.github.com/repos/cweagans/composer-patches/zipball/2e6f72a2ad8d59cd7e2b729f218bf42adb14f590",
                "reference": "2e6f72a2ad8d59cd7e2b729f218bf42adb14f590",
                "shasum": ""
            },
            "require": {
                "composer-plugin-api": "^1.0",
                "php": ">=5.3.0"
            },
            "require-dev": {
                "composer/composer": "~1.0",
                "phpunit/phpunit": "~4.6"
            },
            "type": "composer-plugin",
            "extra": {
                "class": "cweagans\\Composer\\Patches"
            },
            "autoload": {
                "psr-4": {
                    "cweagans\\Composer\\": "src"
                }
            },
            "notification-url": "https://packagist.org/downloads/",
            "license": [
                "BSD-3-Clause"
            ],
            "authors": [
                {
                    "name": "Cameron Eagans",
                    "email": "me@cweagans.net"
                }
            ],
            "description": "Provides a way to patch Composer packages.",
            "time": "2019-08-29T20:11:49+00:00"
        },
        {
            "name": "quickbooks/v3-php-sdk",
            "version": "v5.3.3",
            "source": {
                "type": "git",
                "url": "https://github.com/intuit/QuickBooks-V3-PHP-SDK.git",
                "reference": "63ab5ce9a6ae0f16ea137f89416d1537e6536f26"
            },
            "dist": {
                "type": "zip",
                "url": "https://api.github.com/repos/intuit/QuickBooks-V3-PHP-SDK/zipball/63ab5ce9a6ae0f16ea137f89416d1537e6536f26",
                "reference": "63ab5ce9a6ae0f16ea137f89416d1537e6536f26",
                "shasum": ""
            },
            "require": {
                "ext-dom": "*",
                "ext-mbstring": "*",
                "php": ">=5.6.0"
            },
            "require-dev": {
                "phpunit/phpunit": "^5.7"
            },
            "suggest": {
                "ext-curl": "Uses Curl to make HTTP Requests",
                "guzzlehttp/guzzle": "Uses Guzzle to make HTTP Requests"
            },
            "type": "library",
            "extra": {
                "patches_applied": {
                    "Revert change “Set default use SSL to false”": "https://patch-diff.githubusercontent.com/raw/intuit/QuickBooks-V3-PHP-SDK/pull/280.patch",
                    "Rename bootrape.php to bootstrap.php": "https://patch-diff.githubusercontent.com/raw/intuit/QuickBooks-V3-PHP-SDK/pull/213.patch",
                    "adding missing use statement, removing invalid if condition check": "https://patch-diff.githubusercontent.com/raw/intuit/QuickBooks-V3-PHP-SDK/pull/270.patch"
                }
            },
            "autoload": {
                "psr-4": {
                    "QuickBooksOnline\\API\\": "src/"
                }
            },
            "notification-url": "https://packagist.org/downloads/",
            "license": [
                "Apache-2.0"
            ],
            "authors": [
                {
                    "name": "hlu2",
                    "email": "Hao_Lu@intuit.com"
                }
            ],
            "description": "The Official PHP SDK for QuickBooks Online Accounting API",
            "homepage": "http://developer.intuit.com",
            "keywords": [
                "api",
                "http",
                "quickbooks",
                "rest",
                "smallbusiness"
            ],
            "time": "2020-01-10T01:16:20+00:00"
        }
    ],
    "packages-dev": [],
    "aliases": [],
    "minimum-stability": "stable",
    "stability-flags": [],
    "prefer-stable": false,
    "prefer-lowest": false,
    "platform": [],
    "platform-dev": []
}
